
Microsoft Visual Studio Solution File, Format Version 12.00
# Visual Studio Version 17
VisualStudioVersion = 17.4.33103.184
MinimumVisualStudioVersion = 10.0.40219.1
Project("{FAE04EC0-301F-11D3-BF4B-00C04F79EFBC}") = "SwitchCase", "SwitchCase.csproj", "{239F5AE8-8AEF-47F5-A690-3488DA894007}"
EndProject
Global
	GlobalSection(SolutionConfigurationPlatforms) = preSolution
		Debug|Any CPU = Debug|Any CPU
		Release|Any CPU = Release|Any CPU
	EndGlobalSection
	GlobalSection(ProjectConfigurationPlatforms) = postSolution
		{239F5AE8-8AEF-47F5-A690-3488DA894007}.Debug|Any CPU.ActiveCfg = Debug|Any CPU
		{239F5AE8-8AEF-47F5-A690-3488DA894007}.Debug|Any CPU.Build.0 = Debug|Any CPU
		{239F5AE8-8AEF-47F5-A690-3488DA894007}.Release|Any CPU.ActiveCfg = Release|Any CPU
		{239F5AE8-8AEF-47F5-A690-3488DA894007}.Release|Any CPU.Build.0 = Release|Any CPU
	EndGlobalSection
	GlobalSection(SolutionProperties) = preSolution
		HideSolutionNode = FALSE
	EndGlobalSection
	GlobalSection(ExtensibilityGlobals) = postSolution
		SolutionGuid = {CC3AD439-EEF8-43D0-9384-64124389F306}
	EndGlobalSection
EndGlobal
