
Microsoft Visual Studio Solution File, Format Version 12.00
# Visual Studio Version 17
VisualStudioVersion = 17.7.34009.444
MinimumVisualStudioVersion = 10.0.40219.1
Project("{FAE04EC0-301F-11D3-BF4B-00C04F79EFBC}") = "MerhabaDünyaÖrneği", "MerhabaDünyaÖrneği\MerhabaDünyaÖrneği.csproj", "{0C476057-8407-4374-8FAE-F755E3791EDF}"
EndProject
Global
	GlobalSection(SolutionConfigurationPlatforms) = preSolution
		Debug|Any CPU = Debug|Any CPU
		Release|Any CPU = Release|Any CPU
	EndGlobalSection
	GlobalSection(ProjectConfigurationPlatforms) = postSolution
		{0C476057-8407-4374-8FAE-F755E3791EDF}.Debug|Any CPU.ActiveCfg = Debug|Any CPU
		{0C476057-8407-4374-8FAE-F755E3791EDF}.Debug|Any CPU.Build.0 = Debug|Any CPU
		{0C476057-8407-4374-8FAE-F755E3791EDF}.Release|Any CPU.ActiveCfg = Release|Any CPU
		{0C476057-8407-4374-8FAE-F755E3791EDF}.Release|Any CPU.Build.0 = Release|Any CPU
	EndGlobalSection
	GlobalSection(SolutionProperties) = preSolution
		HideSolutionNode = FALSE
	EndGlobalSection
	GlobalSection(ExtensibilityGlobals) = postSolution
		SolutionGuid = {9C201CBC-2883-4E9E-9122-C55199AC73C2}
	EndGlobalSection
EndGlobal
